// !$*UTF8*$!
{
	archiveVersion = 1;
	classes = {
	};
	objectVersion = 46;
	objects = {

/* Begin PBXBuildFile section */
		6FE16C8F1CB5653100C9A1C2 /* AppDelegate.swift in Sources */ = {isa = PBXBuildFile; fileRef = 6FE16C8E1CB5653100C9A1C2 /* AppDelegate.swift */; };
		6FE16C911CB5653100C9A1C2 /* ViewController.swift in Sources */ = {isa = PBXBuildFile; fileRef = 6FE16C901CB5653100C9A1C2 /* ViewController.swift */; };
		6FE16C941CB5653100C9A1C2 /* Main.storyboard in Resources */ = {isa = PBXBuildFile; fileRef = 6FE16C921CB5653100C9A1C2 /* Main.storyboard */; };
		6FE16C961CB5653100C9A1C2 /* Assets.xcassets in Resources */ = {isa = PBXBuildFile; fileRef = 6FE16C951CB5653100C9A1C2 /* Assets.xcassets */; };
		6FE16C991CB5653100C9A1C2 /* LaunchScreen.storyboard in Resources */ = {isa = PBXBuildFile; fileRef = 6FE16C971CB5653100C9A1C2 /* LaunchScreen.storyboard */; };
		6FE16CA41CB5653100C9A1C2 /* GitUseExampleTests.swift in Sources */ = {isa = PBXBuildFile; fileRef = 6FE16CA31CB5653100C9A1C2 /* GitUseExampleTests.swift */; };
		6FE16CAF1CB5653100C9A1C2 /* GitUseExampleUITests.swift in Sources */ = {isa = PBXBuildFile; fileRef = 6FE16CAE1CB5653100C9A1C2 /* GitUseExampleUITests.swift */; };
/* End PBXBuildFile section */

/* Begin PBXContainerItemProxy section */
		6FE16CA01CB5653100C9A1C2 /* PBXContainerItemProxy */ = {
			isa = PBXContainerItemProxy;
			containerPortal = 6FE16C831CB5653000C9A1C2 /* Project object */;
			proxyType = 1;
			remoteGlobalIDString = 6FE16C8A1CB5653000C9A1C2;
			remoteInfo = GitUseExample;
		};
		6FE16CAB1CB5653100C9A1C2 /* PBXContainerItemProxy */ = {
			isa = PBXContainerItemProxy;
			containerPortal = 6FE16C831CB5653000C9A1C2 /* Project object */;
			proxyType = 1;
			remoteGlobalIDString = 6FE16C8A1CB5653000C9A1C2;
			remoteInfo = GitUseExample;
		};
/* End PBXContainerItemProxy section */

/* Begin PBXFileReference section */
		6FE16C8B1CB5653000C9A1C2 /* GitUseExample.app */ = {isa = PBXFileReference; explicitFileType = wrapper.application; includeInIndex = 0; path = GitUseExample.app; sourceTree = BUILT_PRODUCTS_DIR; };
		6FE16C8E1CB5653100C9A1C2 /* AppDelegate.swift */ = {isa = PBXFileReference; lastKnownFileType = sourcecode.swift; path = AppDelegate.swift; sourceTree = "<group>"; };
		6FE16C901CB5653100C9A1C2 /* ViewController.swift */ = {isa = PBXFileReference; lastKnownFileType = sourcecode.swift; path = ViewController.swift; sourceTree = "<group>"; };
		6FE16C931CB5653100C9A1C2 /* Base */ = {isa = PBXFileReference; lastKnownFileType = file.storyboard; name = Base; path = Base.lproj/Main.storyboard; sourceTree = "<group>"; };
		6FE16C951CB5653100C9A1C2 /* Assets.xcassets */ = {isa = PBXFileReference; lastKnownFileType = folder.assetcatalog; path = Assets.xcassets; sourceTree = "<group>"; };
		6FE16C981CB5653100C9A1C2 /* Base */ = {isa = PBXFileReference; lastKnownFileType = file.storyboard; name = Base; path = Base.lproj/LaunchScreen.storyboard; sourceTree = "<group>"; };
		6FE16C9A1CB5653100C9A1C2 /* Info.plist */ = {isa = PBXFileReference; lastKnownFileType = text.plist.xml; path = Info.plist; sourceTree = "<group>"; };
		6FE16C9F1CB5653100C9A1C2 /* GitUseExampleTests.xctest */ = {isa = PBXFileReference; explicitFileType = wrapper.cfbundle; includeInIndex = 0; path = GitUseExampleTests.xctest; sourceTree = BUILT_PRODUCTS_DIR; };
		6FE16CA31CB5653100C9A1C2 /* GitUseExampleTests.swift */ = {isa = PBXFileReference; lastKnownFileType = sourcecode.swift; path = GitUseExampleTests.swift; sourceTree = "<group>"; };
		6FE16CA51CB5653100C9A1C2 /* Info.plist */ = {isa = PBXFileReference; lastKnownFileType = text.plist.xml; path = Info.plist; sourceTree = "<group>"; };
		6FE16CAA1CB5653100C9A1C2 /* GitUseExampleUITests.xctest */ = {isa = PBXFileReference; explicitFileType = wrapper.cfbundle; includeInIndex = 0; path = GitUseExampleUITests.xctest; sourceTree = BUILT_PRODUCTS_DIR; };
		6FE16CAE1CB5653100C9A1C2 /* GitUseExampleUITests.swift */ = {isa = PBXFileReference; lastKnownFileType = sourcecode.swift; path = GitUseExampleUITests.swift; sourceTree = "<group>"; };
		6FE16CB01CB5653100C9A1C2 /* Info.plist */ = {isa = PBXFileReference; lastKnownFileType = text.plist.xml; path = Info.plist; sourceTree = "<group>"; };
/* End PBXFileReference section */

/* Begin PBXFrameworksBuildPhase section */
		6FE16C881CB5653000C9A1C2 /* Frameworks */ = {
			isa = PBXFrameworksBuildPhase;
			buildActionMask = 2147483647;
			files = (
			);
			runOnlyForDeploymentPostprocessing = 0;
		};
		6FE16C9C1CB5653100C9A1C2 /* Frameworks */ = {
			isa = PBXFrameworksBuildPhase;
			buildActionMask = 2147483647;
			files = (
			);
			runOnlyForDeploymentPostprocessing = 0;
		};
		6FE16CA71CB5653100C9A1C2 /* Frameworks */ = {
			isa = PBXFrameworksBuildPhase;
			buildActionMask = 2147483647;
			files = (
			);
			runOnlyForDeploymentPostprocessing = 0;
		};
/* End PBXFrameworksBuildPhase section */

/* Begin PBXGroup section */
		6FE16C821CB5653000C9A1C2 = {
			isa = PBXGroup;
			children = (
				6FE16C8D1CB5653100C9A1C2 /* GitUseExample */,
				6FE16CA21CB5653100C9A1C2 /* GitUseExampleTests */,
				6FE16CAD1CB5653100C9A1C2 /* GitUseExampleUITests */,
				6FE16C8C1CB5653000C9A1C2 /* Products */,
			);
			sourceTree = "<group>";
		};
		6FE16C8C1CB5653000C9A1C2 /* Products */ = {
			isa = PBXGroup;
			children = (
				6FE16C8B1CB5653000C9A1C2 /* GitUseExample.app */,
				6FE16C9F1CB5653100C9A1C2 /* GitUseExampleTests.xctest */,
				6FE16CAA1CB5653100C9A1C2 /* GitUseExampleUITests.xctest */,
			);
			name = Products;
			sourceTree = "<group>";
		};
		6FE16C8D1CB5653100C9A1C2 /* GitUseExample */ = {
			isa = PBXGroup;
			children = (
				6FE16C8E1CB5653100C9A1C2 /* AppDelegate.swift */,
				6FE16C901CB5653100C9A1C2 /* ViewController.swift */,
				6FE16C921CB5653100C9A1C2 /* Main.storyboard */,
				6FE16C951CB5653100C9A1C2 /* Assets.xcassets */,
				6FE16C971CB5653100C9A1C2 /* LaunchScreen.storyboard */,
				6FE16C9A1CB5653100C9A1C2 /* Info.plist */,
			);
			path = GitUseExample;
			sourceTree = "<group>";
		};
		6FE16CA21CB5653100C9A1C2 /* GitUseExampleTests */ = {
			isa = PBXGroup;
			children = (
				6FE16CA31CB5653100C9A1C2 /* GitUseExampleTests.swift */,
				6FE16CA51CB5653100C9A1C2 /* Info.plist */,
			);
			path = GitUseExampleTests;
			sourceTree = "<group>";
		};
		6FE16CAD1CB5653100C9A1C2 /* GitUseExampleUITests */ = {
			isa = PBXGroup;
			children = (
				6FE16CAE1CB5653100C9A1C2 /* GitUseExampleUITests.swift */,
				6FE16CB01CB5653100C9A1C2 /* Info.plist */,
			);
			path = GitUseExampleUITests;
			sourceTree = "<group>";
		};
/* End PBXGroup section */

/* Begin PBXNativeTarget section */
		6FE16C8A1CB5653000C9A1C2 /* GitUseExample */ = {
			isa = PBXNativeTarget;
			buildConfigurationList = 6FE16CB31CB5653100C9A1C2 /* Build configuration list for PBXNativeTarget "GitUseExample" */;
			buildPhases = (
				6FE16C871CB5653000C9A1C2 /* Sources */,
				6FE16C881CB5653000C9A1C2 /* Frameworks */,
				6FE16C891CB5653000C9A1C2 /* Resources */,
			);
			buildRules = (
			);
			dependencies = (
			);
			name = GitUseExample;
			productName = GitUseExample;
			productReference = 6FE16C8B1CB5653000C9A1C2 /* GitUseExample.app */;
			productType = "com.apple.product-type.application";
		};
		6FE16C9E1CB5653100C9A1C2 /* GitUseExampleTests */ = {
			isa = PBXNativeTarget;
			buildConfigurationList = 6FE16CB61CB5653100C9A1C2 /* Build configuration list for PBXNativeTarget "GitUseExampleTests" */;
			buildPhases = (
				6FE16C9B1CB5653100C9A1C2 /* Sources */,
				6FE16C9C1CB5653100C9A1C2 /* Frameworks */,
				6FE16C9D1CB5653100C9A1C2 /* Resources */,
			);
			buildRules = (
			);
			dependencies = (
				6FE16CA11CB5653100C9A1C2 /* PBXTargetDependency */,
			);
			name = GitUseExampleTests;
			productName = GitUseExampleTests;
			productReference = 6FE16C9F1CB5653100C9A1C2 /* GitUseExampleTests.xctest */;
			productType = "com.apple.product-type.bundle.unit-test";
		};
		6FE16CA91CB5653100C9A1C2 /* GitUseExampleUITests */ = {
			isa = PBXNativeTarget;
			buildConfigurationList = 6FE16CB91CB5653100C9A1C2 /* Build configuration list for PBXNativeTarget "GitUseExampleUITests" */;
			buildPhases = (
				6FE16CA61CB5653100C9A1C2 /* Sources */,
				6FE16CA71CB5653100C9A1C2 /* Frameworks */,
				6FE16CA81CB5653100C9A1C2 /* Resources */,
			);
			buildRules = (
			);
			dependencies = (
				6FE16CAC1CB5653100C9A1C2 /* PBXTargetDependency */,
			);
			name = GitUseExampleUITests;
			productName = GitUseExampleUITests;
			productReference = 6FE16CAA1CB5653100C9A1C2 /* GitUseExampleUITests.xctest */;
			productType = "com.apple.product-type.bundle.ui-testing";
		};
/* End PBXNativeTarget section */

/* Begin PBXProject section */
		6FE16C831CB5653000C9A1C2 /* Project object */ = {
			isa = PBXProject;
			attributes = {
				LastSwiftUpdateCheck = 0720;
				LastUpgradeCheck = 0720;
				ORGANIZATIONNAME = Gustav;
				TargetAttributes = {
					6FE16C8A1CB5653000C9A1C2 = {
						CreatedOnToolsVersion = 7.2.1;
					};
					6FE16C9E1CB5653100C9A1C2 = {
						CreatedOnToolsVersion = 7.2.1;
						TestTargetID = 6FE16C8A1CB5653000C9A1C2;
					};
					6FE16CA91CB5653100C9A1C2 = {
						CreatedOnToolsVersion = 7.2.1;
						TestTargetID = 6FE16C8A1CB5653000C9A1C2;
					};
				};
			};
			buildConfigurationList = 6FE16C861CB5653000C9A1C2 /* Build configuration list for PBXProject "GitUseExample" */;
			compatibilityVersion = "Xcode 3.2";
			developmentRegion = English;
			hasScannedForEncodings = 0;
			knownRegions = (
				en,
				Base,
			);
			mainGroup = 6FE16C821CB5653000C9A1C2;
			productRefGroup = 6FE16C8C1CB5653000C9A1C2 /* Products */;
			projectDirPath = "";
			projectRoot = "";
			targets = (
				6FE16C8A1CB5653000C9A1C2 /* GitUseExample */,
				6FE16C9E1CB5653100C9A1C2 /* GitUseExampleTests */,
				6FE16CA91CB5653100C9A1C2 /* GitUseExampleUITests */,
			);
		};
/* End PBXProject section */

/* Begin PBXResourcesBuildPhase section */
		6FE16C891CB5653000C9A1C2 /* Resources */ = {
			isa = PBXResourcesBuildPhase;
			buildActionMask = 2147483647;
			files = (
				6FE16C991CB5653100C9A1C2 /* LaunchScreen.storyboard in Resources */,
				6FE16C961CB5653100C9A1C2 /* Assets.xcassets in Resources */,
				6FE16C941CB5653100C9A1C2 /* Main.storyboard in Resources */,
			);
			runOnlyForDeploymentPostprocessing = 0;
		};
		6FE16C9D1CB5653100C9A1C2 /* Resources */ = {
			isa = PBXResourcesBuildPhase;
			buildActionMask = 2147483647;
			files = (
			);
			runOnlyForDeploymentPostprocessing = 0;
		};
		6FE16CA81CB5653100C9A1C2 /* Resources */ = {
			isa = PBXResourcesBuildPhase;
			buildActionMask = 2147483647;
			files = (
			);
			runOnlyForDeploymentPostprocessing = 0;
		};
/* End PBXResourcesBuildPhase section */

/* Begin PBXSourcesBuildPhase section */
		6FE16C871CB5653000C9A1C2 /* Sources */ = {
			isa = PBXSourcesBuildPhase;
			buildActionMask = 2147483647;
			files = (
				6FE16C911CB5653100C9A1C2 /* ViewController.swift in Sources */,
				6FE16C8F1CB5653100C9A1C2 /* AppDelegate.swift in Sources */,
			);
			runOnlyForDeploymentPostprocessing = 0;
		};
		6FE16C9B1CB5653100C9A1C2 /* Sources */ = {
			isa = PBXSourcesBuildPhase;
			buildActionMask = 2147483647;
			files = (
				6FE16CA41CB5653100C9A1C2 /* GitUseExampleTests.swift in Sources */,
			);
			runOnlyForDeploymentPostprocessing = 0;
		};
		6FE16CA61CB5653100C9A1C2 /* Sources */ = {
			isa = PBXSourcesBuildPhase;
			buildActionMask = 2147483647;
			files = (
				6FE16CAF1CB5653100C9A1C2 /* GitUseExampleUITests.swift in Sources */,
			);
			runOnlyForDeploymentPostprocessing = 0;
		};
/* End PBXSourcesBuildPhase section */

/* Begin PBXTargetDependency section */
		6FE16CA11CB5653100C9A1C2 /* PBXTargetDependency */ = {
			isa = PBXTargetDependency;
			target = 6FE16C8A1CB5653000C9A1C2 /* GitUseExample */;
			targetProxy = 6FE16CA01CB5653100C9A1C2 /* PBXContainerItemProxy */;
		};
		6FE16CAC1CB5653100C9A1C2 /* PBXTargetDependency */ = {
			isa = PBXTargetDependency;
			target = 6FE16C8A1CB5653000C9A1C2 /* GitUseExample */;
			targetProxy = 6FE16CAB1CB5653100C9A1C2 /* PBXContainerItemProxy */;
		};
/* End PBXTargetDependency section */

/* Begin PBXVariantGroup section */
		6FE16C921CB5653100C9A1C2 /* Main.storyboard */ = {
			isa = PBXVariantGroup;
			children = (
				6FE16C931CB5653100C9A1C2 /* Base */,
			);
			name = Main.storyboard;
			sourceTree = "<group>";
		};
		6FE16C971CB5653100C9A1C2 /* LaunchScreen.storyboard */ = {
			isa = PBXVariantGroup;
			children = (
				6FE16C981CB5653100C9A1C2 /* Base */,
			);
			name = LaunchScreen.storyboard;
			sourceTree = "<group>";
		};
/* End PBXVariantGroup section */

/* Begin XCBuildConfiguration section */
		6FE16CB11CB5653100C9A1C2 /* Debug */ = {
			isa = XCBuildConfiguration;
			buildSettings = {
				ALWAYS_SEARCH_USER_PATHS = NO;
				CLANG_CXX_LANGUAGE_STANDARD = "gnu++0x";
				CLANG_CXX_LIBRARY = "libc++";
				CLANG_ENABLE_MODULES = YES;
				CLANG_ENABLE_OBJC_ARC = YES;
				CLANG_WARN_BOOL_CONVERSION = YES;
				CLANG_WARN_CONSTANT_CONVERSION = YES;
				CLANG_WARN_DIRECT_OBJC_ISA_USAGE = YES_ERROR;
				CLANG_WARN_EMPTY_BODY = YES;
				CLANG_WARN_ENUM_CONVERSION = YES;
				CLANG_WARN_INT_CONVERSION = YES;
				CLANG_WARN_OBJC_ROOT_CLASS = YES_ERROR;
				CLANG_WARN_UNREACHABLE_CODE = YES;
				CLANG_WARN__DUPLICATE_METHOD_MATCH = YES;
				"CODE_SIGN_IDENTITY[sdk=iphoneos*]" = "iPhone Developer";
				COPY_PHASE_STRIP = NO;
				DEBUG_INFORMATION_FORMAT = dwarf;
				ENABLE_STRICT_OBJC_MSGSEND = YES;
				ENABLE_TESTABILITY = YES;
				GCC_C_LANGUAGE_STANDARD = gnu99;
				GCC_DYNAMIC_NO_PIC = NO;
				GCC_NO_COMMON_BLOCKS = YES;
				GCC_OPTIMIZATION_LEVEL = 0;
				GCC_PREPROCESSOR_DEFINITIONS = (
					"DEBUG=1",
					"$(inherited)",
				);
				GCC_WARN_64_TO_32_BIT_CONVERSION = YES;
				GCC_WARN_ABOUT_RETURN_TYPE = YES_ERROR;
				GCC_WARN_UNDECLARED_SELECTOR = YES;
				GCC_WARN_UNINITIALIZED_AUTOS = YES_AGGRESSIVE;
				GCC_WARN_UNUSED_FUNCTION = YES;
				GCC_WARN_UNUSED_VARIABLE = YES;
				IPHONEOS_DEPLOYMENT_TARGET = 9.2;
				MTL_ENABLE_DEBUG_INFO = YES;
				ONLY_ACTIVE_ARCH = YES;
				SDKROOT = iphoneos;
				SWIFT_OPTIMIZATION_LEVEL = "-Onone";
				TARGETED_DEVICE_FAMILY = "1,2";
			};
			name = Debug;
		};
		6FE16CB21CB5653100C9A1C2 /* Release */ = {
			isa = XCBuildConfiguration;
			buildSettings = {
				ALWAYS_SEARCH_USER_PATHS = NO;
				CLANG_CXX_LANGUAGE_STANDARD = "gnu++0x";
				CLANG_CXX_LIBRARY = "libc++";
				CLANG_ENABLE_MODULES = YES;
				CLANG_ENABLE_OBJC_ARC = YES;
				CLANG_WARN_BOOL_CONVERSION = YES;
				CLANG_WARN_CONSTANT_CONVERSION = YES;
				CLANG_WARN_DIRECT_OBJC_ISA_USAGE = YES_ERROR;
				CLANG_WARN_EMPTY_BODY = YES;
				CLANG_WARN_ENUM_CONVERSION = YES;
				CLANG_WARN_INT_CONVERSION = YES;
				CLANG_WARN_OBJC_ROOT_CLASS = YES_ERROR;
				CLANG_WARN_UNREACHABLE_CODE = YES;
				CLANG_WARN__DUPLICATE_METHOD_MATCH = YES;
				"CODE_SIGN_IDENTITY[sdk=iphoneos*]" = "iPhone Developer";
				COPY_PHASE_STRIP = NO;
				DEBUG_INFORMATION_FORMAT = "dwarf-with-dsym";
				ENABLE_NS_ASSERTIONS = NO;
				ENABLE_STRICT_OBJC_MSGSEND = YES;
				GCC_C_LANGUAGE_STANDARD = gnu99;
				GCC_NO_COMMON_BLOCKS = YES;
				GCC_WARN_64_TO_32_BIT_CONVERSION = YES;
				GCC_WARN_ABOUT_RETURN_TYPE = YES_ERROR;
				GCC_WARN_UNDECLARED_SELECTOR = YES;
				GCC_WARN_UNINITIALIZED_AUTOS = YES_AGGRESSIVE;
				GCC_WARN_UNUSED_FUNCTION = YES;
				GCC_WARN_UNUSED_VARIABLE = YES;
				IPHONEOS_DEPLOYMENT_TARGET = 9.2;
				MTL_ENABLE_DEBUG_INFO = NO;
				SDKROOT = iphoneos;
				TARGETED_DEVICE_FAMILY = "1,2";
				VALIDATE_PRODUCT = YES;
			};
			name = Release;
		};
		6FE16CB41CB5653100C9A1C2 /* Debug */ = {
			isa = XCBuildConfiguration;
			buildSettings = {
				ASSETCATALOG_COMPILER_APPICON_NAME = AppIcon;
				INFOPLIST_FILE = GitUseExample/Info.plist;
				LD_RUNPATH_SEARCH_PATHS = "$(inherited) @executable_path/Frameworks";
				PRODUCT_BUNDLE_IDENTIFIER = lkj.GitUseExample;
				PRODUCT_NAME = "$(TARGET_NAME)";
			};
			name = Debug;
		};
		6FE16CB51CB5653100C9A1C2 /* Release */ = {
			isa = XCBuildConfiguration;
			buildSettings = {
				ASSETCATALOG_COMPILER_APPICON_NAME = AppIcon;
				INFOPLIST_FILE = GitUseExample/Info.plist;
				LD_RUNPATH_SEARCH_PATHS = "$(inherited) @executable_path/Frameworks";
				PRODUCT_BUNDLE_IDENTIFIER = lkj.GitUseExample;
				PRODUCT_NAME = "$(TARGET_NAME)";
			};
			name = Release;
		};
		6FE16CB71CB5653100C9A1C2 /* Debug */ = {
			isa = XCBuildConfiguration;
			buildSettings = {
				BUNDLE_LOADER = "$(TEST_HOST)";
				INFOPLIST_FILE = GitUseExampleTests/Info.plist;
				LD_RUNPATH_SEARCH_PATHS = "$(inherited) @executable_path/Frameworks @loader_path/Frameworks";
				PRODUCT_BUNDLE_IDENTIFIER = lkj.GitUseExampleTests;
				PRODUCT_NAME = "$(TARGET_NAME)";
				TEST_HOST = "$(BUILT_PRODUCTS_DIR)/GitUseExample.app/GitUseExample";
			};
			name = Debug;
		};
		6FE16CB81CB5653100C9A1C2 /* Release */ = {
			isa = XCBuildConfiguration;
			buildSettings = {
				BUNDLE_LOADER = "$(TEST_HOST)";
				INFOPLIST_FILE = GitUseExampleTests/Info.plist;
				LD_RUNPATH_SEARCH_PATHS = "$(inherited) @executable_path/Frameworks @loader_path/Frameworks";
				PRODUCT_BUNDLE_IDENTIFIER = lkj.GitUseExampleTests;
				PRODUCT_NAME = "$(TARGET_NAME)";
				TEST_HOST = "$(BUILT_PRODUCTS_DIR)/GitUseExample.app/GitUseExample";
			};
			name = Release;
		};
		6FE16CBA1CB5653100C9A1C2 /* Debug */ = {
			isa = XCBuildConfiguration;
			buildSettings = {
				INFOPLIST_FILE = GitUseExampleUITests/Info.plist;
				LD_RUNPATH_SEARCH_PATHS = "$(inherited) @executable_path/Frameworks @loader_path/Frameworks";
				PRODUCT_BUNDLE_IDENTIFIER = lkj.GitUseExampleUITests;
				PRODUCT_NAME = "$(TARGET_NAME)";
				TEST_TARGET_NAME = GitUseExample;
				USES_XCTRUNNER = YES;
			};
			name = Debug;
		};
		6FE16CBB1CB5653100C9A1C2 /* Release */ = {
			isa = XCBuildConfiguration;
			buildSettings = {
				INFOPLIST_FILE = GitUseExampleUITests/Info.plist;
				LD_RUNPATH_SEARCH_PATHS = "$(inherited) @executable_path/Frameworks @loader_path/Frameworks";
				PRODUCT_BUNDLE_IDENTIFIER = lkj.GitUseExampleUITests;
				PRODUCT_NAME = "$(TARGET_NAME)";
				TEST_TARGET_NAME = GitUseExample;
				USES_XCTRUNNER = YES;
			};
			name = Release;
		};
/* End XCBuildConfiguration section */

/* Begin XCConfigurationList section */
		6FE16C861CB5653000C9A1C2 /* Build configuration list for PBXProject "GitUseExample" */ = {
			isa = XCConfigurationList;
			buildConfigurations = (
				6FE16CB11CB5653100C9A1C2 /* Debug */,
				6FE16CB21CB5653100C9A1C2 /* Release */,
			);
			defaultConfigurationIsVisible = 0;
			defaultConfigurationName = Release;
		};
		6FE16CB31CB5653100C9A1C2 /* Build configuration list for PBXNativeTarget "GitUseExample" */ = {
			isa = XCConfigurationList;
			buildConfigurations = (
				6FE16CB41CB5653100C9A1C2 /* Debug */,
				6FE16CB51CB5653100C9A1C2 /* Release */,
			);
			defaultConfigurationIsVisible = 0;
		};
		6FE16CB61CB5653100C9A1C2 /* Build configuration list for PBXNativeTarget "GitUseExampleTests" */ = {
			isa = XCConfigurationList;
			buildConfigurations = (
				6FE16CB71CB5653100C9A1C2 /* Debug */,
				6FE16CB81CB5653100C9A1C2 /* Release */,
			);
			defaultConfigurationIsVisible = 0;
		};
		6FE16CB91CB5653100C9A1C2 /* Build configuration list for PBXNativeTarget "GitUseExampleUITests" */ = {
			isa = XCConfigurationList;
			buildConfigurations = (
				6FE16CBA1CB5653100C9A1C2 /* Debug */,
				6FE16CBB1CB5653100C9A1C2 /* Release */,
			);
			defaultConfigurationIsVisible = 0;
		};
/* End XCConfigurationList section */
	};
	rootObject = 6FE16C831CB5653000C9A1C2 /* Project object */;
}
